{
  "name": "dye-durham-name-sorter",
  "version": "1.0.0",
  "lockfileVersion": 3,
  "requires": true,
  "packages": {
    "": {
      "name": "dye-durham-name-sorter",
      "version": "1.0.0",
      "license": "MIT",
      "bin": {
        "name-sorter": "bin/name-sorter.js"
      },
      "engines": {
        "node": ">=20"
      }
    }
  }
}
